
Microsoft Visual Studio Solution File, Format Version 12.00
# Visual Studio Version 17
VisualStudioVersion = 17.11.35222.181
MinimumVisualStudioVersion = 10.0.40219.1
Project("{9A19103F-16F7-4668-BE54-9A1E7A4F7556}") = "EstateApp", "EstateApp.csproj", "{668C4C43-98C8-4580-BC5E-6C66172B2C0B}"
EndProject
Project("{9A19103F-16F7-4668-BE54-9A1E7A4F7556}") = "EstateLogic", "..\EstateLogic\EstateLogic.csproj", "{20BEFAF6-9E8A-42CC-B3B7-650421086527}"
EndProject
Project("{9A19103F-16F7-4668-BE54-9A1E7A4F7556}") = "EstateDataDTO", "..\EstateDataDTO\EstateDataDTO.csproj", "{D4E081E2-A471-4C4F-BFE5-4EA14DF12184}"
EndProject
Project("{9A19103F-16F7-4668-BE54-9A1E7A4F7556}") = "EstateDataAccess", "..\EstateDataAccess\EstateDataAccess.csproj", "{DCF420A0-5093-46EA-98D7-F6333CED2F53}"
EndProject
Project("{9A19103F-16F7-4668-BE54-9A1E7A4F7556}") = "Utilities", "..\Utilities\Utilities.csproj", "{4F426A92-9A6F-4893-85F8-F2C9DA9D514C}"
EndProject
Project("{9A19103F-16F7-4668-BE54-9A1E7A4F7556}") = "ServiceL", "..\ServiceL\ServiceL.csproj", "{ED6CBCE3-C1B1-4914-BAF5-BEBD28DE836E}"
EndProject
Project("{FAE04EC0-301F-11D3-BF4B-00C04F79EFBC}") = "ModelsLibrary", "..\ModelsLibrary\ModelsLibrary.csproj", "{844DE322-3845-49CA-AC7A-E48AC18B6A64}"
EndProject
Global
	GlobalSection(SolutionConfigurationPlatforms) = preSolution
		Debug|Any CPU = Debug|Any CPU
		Release|Any CPU = Release|Any CPU
	EndGlobalSection
	GlobalSection(ProjectConfigurationPlatforms) = postSolution
		{668C4C43-98C8-4580-BC5E-6C66172B2C0B}.Debug|Any CPU.ActiveCfg = Debug|Any CPU
		{668C4C43-98C8-4580-BC5E-6C66172B2C0B}.Debug|Any CPU.Build.0 = Debug|Any CPU
		{668C4C43-98C8-4580-BC5E-6C66172B2C0B}.Release|Any CPU.ActiveCfg = Release|Any CPU
		{668C4C43-98C8-4580-BC5E-6C66172B2C0B}.Release|Any CPU.Build.0 = Release|Any CPU
		{20BEFAF6-9E8A-42CC-B3B7-650421086527}.Debug|Any CPU.ActiveCfg = Debug|Any CPU
		{20BEFAF6-9E8A-42CC-B3B7-650421086527}.Debug|Any CPU.Build.0 = Debug|Any CPU
		{20BEFAF6-9E8A-42CC-B3B7-650421086527}.Release|Any CPU.ActiveCfg = Release|Any CPU
		{20BEFAF6-9E8A-42CC-B3B7-650421086527}.Release|Any CPU.Build.0 = Release|Any CPU
		{D4E081E2-A471-4C4F-BFE5-4EA14DF12184}.Debug|Any CPU.ActiveCfg = Debug|Any CPU
		{D4E081E2-A471-4C4F-BFE5-4EA14DF12184}.Debug|Any CPU.Build.0 = Debug|Any CPU
		{D4E081E2-A471-4C4F-BFE5-4EA14DF12184}.Release|Any CPU.ActiveCfg = Release|Any CPU
		{D4E081E2-A471-4C4F-BFE5-4EA14DF12184}.Release|Any CPU.Build.0 = Release|Any CPU
		{DCF420A0-5093-46EA-98D7-F6333CED2F53}.Debug|Any CPU.ActiveCfg = Debug|Any CPU
		{DCF420A0-5093-46EA-98D7-F6333CED2F53}.Debug|Any CPU.Build.0 = Debug|Any CPU
		{DCF420A0-5093-46EA-98D7-F6333CED2F53}.Release|Any CPU.ActiveCfg = Release|Any CPU
		{DCF420A0-5093-46EA-98D7-F6333CED2F53}.Release|Any CPU.Build.0 = Release|Any CPU
		{4F426A92-9A6F-4893-85F8-F2C9DA9D514C}.Debug|Any CPU.ActiveCfg = Debug|Any CPU
		{4F426A92-9A6F-4893-85F8-F2C9DA9D514C}.Debug|Any CPU.Build.0 = Debug|Any CPU
		{4F426A92-9A6F-4893-85F8-F2C9DA9D514C}.Release|Any CPU.ActiveCfg = Release|Any CPU
		{4F426A92-9A6F-4893-85F8-F2C9DA9D514C}.Release|Any CPU.Build.0 = Release|Any CPU
		{ED6CBCE3-C1B1-4914-BAF5-BEBD28DE836E}.Debug|Any CPU.ActiveCfg = Debug|Any CPU
		{ED6CBCE3-C1B1-4914-BAF5-BEBD28DE836E}.Debug|Any CPU.Build.0 = Debug|Any CPU
		{ED6CBCE3-C1B1-4914-BAF5-BEBD28DE836E}.Release|Any CPU.ActiveCfg = Release|Any CPU
		{ED6CBCE3-C1B1-4914-BAF5-BEBD28DE836E}.Release|Any CPU.Build.0 = Release|Any CPU
		{844DE322-3845-49CA-AC7A-E48AC18B6A64}.Debug|Any CPU.ActiveCfg = Debug|Any CPU
		{844DE322-3845-49CA-AC7A-E48AC18B6A64}.Debug|Any CPU.Build.0 = Debug|Any CPU
		{844DE322-3845-49CA-AC7A-E48AC18B6A64}.Release|Any CPU.ActiveCfg = Release|Any CPU
		{844DE322-3845-49CA-AC7A-E48AC18B6A64}.Release|Any CPU.Build.0 = Release|Any CPU
	EndGlobalSection
	GlobalSection(SolutionProperties) = preSolution
		HideSolutionNode = FALSE
	EndGlobalSection
	GlobalSection(ExtensibilityGlobals) = postSolution
		SolutionGuid = {1E410242-5192-4D57-A7F4-E6778273DF77}
	EndGlobalSection
EndGlobal
